
Microsoft Visual Studio Solution File, Format Version 12.00
# Visual Studio 15
VisualStudioVersion = 15.0.28307.2092
MinimumVisualStudioVersion = 10.0.40219.1
Project("{9A19103F-16F7-4668-BE54-9A1E7A4F7556}") = "01.OldestFamilyMember", "DefiningClassesExc\01.OldestFamilyMember.csproj", "{4D0239F8-4917-4019-9479-AE1E865998D6}"
EndProject
Project("{9A19103F-16F7-4668-BE54-9A1E7A4F7556}") = "02.OpinionPoll", "02.OpinionPoll\02.OpinionPoll.csproj", "{956484EC-E42F-4DC7-8930-D850D54F17AA}"
EndProject
Project("{9A19103F-16F7-4668-BE54-9A1E7A4F7556}") = "03.DateModifier", "03.DateModifier\03.DateModifier.csproj", "{FD05671E-F4CE-480B-92B6-5F7BBFA8B73B}"
EndProject
Project("{9A19103F-16F7-4668-BE54-9A1E7A4F7556}") = "04.RawData", "04.RawData\04.RawData.csproj", "{D1214B42-A80D-4967-95EF-558F13FC4DDE}"
EndProject
Project("{FAE04EC0-301F-11D3-BF4B-00C04F79EFBC}") = "05.PokemonTrainer", "05.PokemonTrainer\05.PokemonTrainer.csproj", "{93702A43-C932-437F-9AF8-A90C0B0941BA}"
EndProject
Global
	GlobalSection(SolutionConfigurationPlatforms) = preSolution
		Debug|Any CPU = Debug|Any CPU
		Release|Any CPU = Release|Any CPU
	EndGlobalSection
	GlobalSection(ProjectConfigurationPlatforms) = postSolution
		{4D0239F8-4917-4019-9479-AE1E865998D6}.Debug|Any CPU.ActiveCfg = Debug|Any CPU
		{4D0239F8-4917-4019-9479-AE1E865998D6}.Debug|Any CPU.Build.0 = Debug|Any CPU
		{4D0239F8-4917-4019-9479-AE1E865998D6}.Release|Any CPU.ActiveCfg = Release|Any CPU
		{4D0239F8-4917-4019-9479-AE1E865998D6}.Release|Any CPU.Build.0 = Release|Any CPU
		{956484EC-E42F-4DC7-8930-D850D54F17AA}.Debug|Any CPU.ActiveCfg = Debug|Any CPU
		{956484EC-E42F-4DC7-8930-D850D54F17AA}.Debug|Any CPU.Build.0 = Debug|Any CPU
		{956484EC-E42F-4DC7-8930-D850D54F17AA}.Release|Any CPU.ActiveCfg = Release|Any CPU
		{956484EC-E42F-4DC7-8930-D850D54F17AA}.Release|Any CPU.Build.0 = Release|Any CPU
		{FD05671E-F4CE-480B-92B6-5F7BBFA8B73B}.Debug|Any CPU.ActiveCfg = Debug|Any CPU
		{FD05671E-F4CE-480B-92B6-5F7BBFA8B73B}.Debug|Any CPU.Build.0 = Debug|Any CPU
		{FD05671E-F4CE-480B-92B6-5F7BBFA8B73B}.Release|Any CPU.ActiveCfg = Release|Any CPU
		{FD05671E-F4CE-480B-92B6-5F7BBFA8B73B}.Release|Any CPU.Build.0 = Release|Any CPU
		{D1214B42-A80D-4967-95EF-558F13FC4DDE}.Debug|Any CPU.ActiveCfg = Debug|Any CPU
		{D1214B42-A80D-4967-95EF-558F13FC4DDE}.Debug|Any CPU.Build.0 = Debug|Any CPU
		{D1214B42-A80D-4967-95EF-558F13FC4DDE}.Release|Any CPU.ActiveCfg = Release|Any CPU
		{D1214B42-A80D-4967-95EF-558F13FC4DDE}.Release|Any CPU.Build.0 = Release|Any CPU
		{93702A43-C932-437F-9AF8-A90C0B0941BA}.Debug|Any CPU.ActiveCfg = Debug|Any CPU
		{93702A43-C932-437F-9AF8-A90C0B0941BA}.Debug|Any CPU.Build.0 = Debug|Any CPU
		{93702A43-C932-437F-9AF8-A90C0B0941BA}.Release|Any CPU.ActiveCfg = Release|Any CPU
		{93702A43-C932-437F-9AF8-A90C0B0941BA}.Release|Any CPU.Build.0 = Release|Any CPU
	EndGlobalSection
	GlobalSection(SolutionProperties) = preSolution
		HideSolutionNode = FALSE
	EndGlobalSection
	GlobalSection(ExtensibilityGlobals) = postSolution
		SolutionGuid = {58D8D04C-CE05-4A91-93D3-8C6F7552A0A3}
	EndGlobalSection
EndGlobal
